
Microsoft Visual Studio Solution File, Format Version 12.00
# Visual Studio Version 17
VisualStudioVersion = 17.8.34525.116
MinimumVisualStudioVersion = 10.0.40219.1
Project("{FAE04EC0-301F-11D3-BF4B-00C04F79EFBC}") = "PostgresAPI", "PostgresAPI\PostgresAPI.csproj", "{1CED0713-C7EF-40F0-8CDD-91D4C9CE79DD}"
EndProject
Global
	GlobalSection(SolutionConfigurationPlatforms) = preSolution
		Debug|Any CPU = Debug|Any CPU
		Release|Any CPU = Release|Any CPU
	EndGlobalSection
	GlobalSection(ProjectConfigurationPlatforms) = postSolution
		{1CED0713-C7EF-40F0-8CDD-91D4C9CE79DD}.Debug|Any CPU.ActiveCfg = Debug|Any CPU
		{1CED0713-C7EF-40F0-8CDD-91D4C9CE79DD}.Debug|Any CPU.Build.0 = Debug|Any CPU
		{1CED0713-C7EF-40F0-8CDD-91D4C9CE79DD}.Release|Any CPU.ActiveCfg = Release|Any CPU
		{1CED0713-C7EF-40F0-8CDD-91D4C9CE79DD}.Release|Any CPU.Build.0 = Release|Any CPU
	EndGlobalSection
	GlobalSection(SolutionProperties) = preSolution
		HideSolutionNode = FALSE
	EndGlobalSection
	GlobalSection(ExtensibilityGlobals) = postSolution
		SolutionGuid = {A31AC421-B798-474C-B19F-7BC89E428A55}
	EndGlobalSection
EndGlobal
